{
  "name": "feature editor",
  "version": "0.0.1",
  "lockfileVersion": 1,
  "requires": true,
  "dependencies": {
    "ace-builds": {
      "version": "1.3.0",
      "resolved": "https://registry.npmjs.org/ace-builds/-/ace-builds-1.3.0.tgz",
      "integrity": "sha512-RxLL7ZV+2dP5VZRpaqWvxMru9+Rpbe4A9L0ajbM3ifiW5IkdlIXHNy0lafzJign/v8E9PkBXlOH+2HuiTRD46Q=="
    },
    "csv-parse": {
      "version": "2.0.2",
      "resolved": "https://registry.npmjs.org/csv-parse/-/csv-parse-2.0.2.tgz",
      "integrity": "sha512-h71zFOZ6siKsmrl+hwhx5nxIBk8+uIW21XtB3cX2+JnSKZOhBjaBudYpLJDdgaQSSx/5SIg+3GymAhnbyE0tmw=="
    },
    "pegjs": {
      "version": "0.10.0",
      "resolved": "https://registry.npmjs.org/pegjs/-/pegjs-0.10.0.tgz",
      "integrity": "sha1-z4uvrm7d/0tafvsYUmnqr0YQ3b0="
    }
  }
}
